
Microsoft Visual Studio Solution File, Format Version 11.00
# Visual Studio 2010
Project("{FAE04EC0-301F-11D3-BF4B-00C04F79EFBC}") = "Test.Rest", "Test.Rest\Test.Rest.csproj", "{33CDABDC-56C4-46BF-9DE9-676426502071}"
EndProject
Project("{2150E333-8FDC-42A3-9474-1A3956D46DE8}") = "Solution Items", "Solution Items", "{11357689-EABC-4D6F-A4F4-7A17D56BEAD4}"
	ProjectSection(SolutionItems) = preProject
		Local.testsettings = Local.testsettings
		Test.Rest.vsmdi = Test.Rest.vsmdi
		TraceAndTestImpact.testsettings = TraceAndTestImpact.testsettings
	EndProjectSection
EndProject
Global
	GlobalSection(TestCaseManagementSettings) = postSolution
		CategoryFile = Test.Rest.vsmdi
	EndGlobalSection
	GlobalSection(SolutionConfigurationPlatforms) = preSolution
		Debug|Any CPU = Debug|Any CPU
		Release|Any CPU = Release|Any CPU
	EndGlobalSection
	GlobalSection(ProjectConfigurationPlatforms) = postSolution
		{33CDABDC-56C4-46BF-9DE9-676426502071}.Debug|Any CPU.ActiveCfg = Debug|Any CPU
		{33CDABDC-56C4-46BF-9DE9-676426502071}.Debug|Any CPU.Build.0 = Debug|Any CPU
		{33CDABDC-56C4-46BF-9DE9-676426502071}.Release|Any CPU.ActiveCfg = Release|Any CPU
		{33CDABDC-56C4-46BF-9DE9-676426502071}.Release|Any CPU.Build.0 = Release|Any CPU
	EndGlobalSection
	GlobalSection(SolutionProperties) = preSolution
		HideSolutionNode = FALSE
	EndGlobalSection
EndGlobal
