
Microsoft Visual Studio Solution File, Format Version 11.00
# Visual Studio 2010
Project("{FAE04EC0-301F-11D3-BF4B-00C04F79EFBC}") = "WCF.Rest", "WCF.Rest\WCF.Rest.csproj", "{75832DB2-C95D-432A-998D-D9F676D85887}"
EndProject
Global
	GlobalSection(SolutionConfigurationPlatforms) = preSolution
		Debug|Any CPU = Debug|Any CPU
		Release|Any CPU = Release|Any CPU
	EndGlobalSection
	GlobalSection(ProjectConfigurationPlatforms) = postSolution
		{75832DB2-C95D-432A-998D-D9F676D85887}.Debug|Any CPU.ActiveCfg = Debug|Any CPU
		{75832DB2-C95D-432A-998D-D9F676D85887}.Debug|Any CPU.Build.0 = Debug|Any CPU
		{75832DB2-C95D-432A-998D-D9F676D85887}.Release|Any CPU.ActiveCfg = Release|Any CPU
		{75832DB2-C95D-432A-998D-D9F676D85887}.Release|Any CPU.Build.0 = Release|Any CPU
	EndGlobalSection
	GlobalSection(SolutionProperties) = preSolution
		HideSolutionNode = FALSE
	EndGlobalSection
EndGlobal
