
Microsoft Visual Studio Solution File, Format Version 12.00
# Visual Studio 2012
Project("{2150E333-8FDC-42A3-9474-1A3956D46DE8}") = "Solution Items", "Solution Items", "{43CC940E-533E-4521-BDF1-89573019C7C0}"
	ProjectSection(SolutionItems) = preProject
		Local.testsettings = Local.testsettings
		TraceAndTestImpact.testsettings = TraceAndTestImpact.testsettings
		WCF.Day2.vsmdi = WCF.Day2.vsmdi
	EndProjectSection
EndProject
Project("{FAE04EC0-301F-11D3-BF4B-00C04F79EFBC}") = "Demo.EmployeeManagement.DataContracts", "Demo.EmployeeManagement.DataContracts\Demo.EmployeeManagement.DataContracts.csproj", "{E8E673CB-F946-4E5B-938C-C9D61340D0E6}"
EndProject
Project("{FAE04EC0-301F-11D3-BF4B-00C04F79EFBC}") = "Demo.EmployeeManagement.ServiceContracts", "Demo.EmployeeManagement.ServiceContracts\Demo.EmployeeManagement.ServiceContracts.csproj", "{58BB130B-DE96-466D-9841-6D0B6BDDA55C}"
EndProject
Project("{FAE04EC0-301F-11D3-BF4B-00C04F79EFBC}") = "Demo.EmployeeManagement.ServiceImpl", "Demo.EmployeeManagement.ServiceImpl\Demo.EmployeeManagement.ServiceImpl.csproj", "{16E0D1EB-86B6-4B66-8BB0-8454306F9476}"
EndProject
Project("{FAE04EC0-301F-11D3-BF4B-00C04F79EFBC}") = "Demo.EmployeeManagement.Servces", "Demo.EmployeeManagement.Servces\Demo.EmployeeManagement.Servces.csproj", "{BA7E0A57-755A-42BE-B9BF-0A1A34439E9E}"
EndProject
Project("{FAE04EC0-301F-11D3-BF4B-00C04F79EFBC}") = "TestSuite", "TestSuite\TestSuite.csproj", "{15286983-4713-404D-92F9-C51346B2265D}"
EndProject
Global
	GlobalSection(TestCaseManagementSettings) = postSolution
		CategoryFile = WCF.Day2.vsmdi
	EndGlobalSection
	GlobalSection(SolutionConfigurationPlatforms) = preSolution
		Debug|Any CPU = Debug|Any CPU
		Release|Any CPU = Release|Any CPU
	EndGlobalSection
	GlobalSection(ProjectConfigurationPlatforms) = postSolution
		{E8E673CB-F946-4E5B-938C-C9D61340D0E6}.Debug|Any CPU.ActiveCfg = Debug|Any CPU
		{E8E673CB-F946-4E5B-938C-C9D61340D0E6}.Debug|Any CPU.Build.0 = Debug|Any CPU
		{E8E673CB-F946-4E5B-938C-C9D61340D0E6}.Release|Any CPU.ActiveCfg = Release|Any CPU
		{E8E673CB-F946-4E5B-938C-C9D61340D0E6}.Release|Any CPU.Build.0 = Release|Any CPU
		{58BB130B-DE96-466D-9841-6D0B6BDDA55C}.Debug|Any CPU.ActiveCfg = Debug|Any CPU
		{58BB130B-DE96-466D-9841-6D0B6BDDA55C}.Debug|Any CPU.Build.0 = Debug|Any CPU
		{58BB130B-DE96-466D-9841-6D0B6BDDA55C}.Release|Any CPU.ActiveCfg = Release|Any CPU
		{58BB130B-DE96-466D-9841-6D0B6BDDA55C}.Release|Any CPU.Build.0 = Release|Any CPU
		{16E0D1EB-86B6-4B66-8BB0-8454306F9476}.Debug|Any CPU.ActiveCfg = Debug|Any CPU
		{16E0D1EB-86B6-4B66-8BB0-8454306F9476}.Debug|Any CPU.Build.0 = Debug|Any CPU
		{16E0D1EB-86B6-4B66-8BB0-8454306F9476}.Release|Any CPU.ActiveCfg = Release|Any CPU
		{16E0D1EB-86B6-4B66-8BB0-8454306F9476}.Release|Any CPU.Build.0 = Release|Any CPU
		{BA7E0A57-755A-42BE-B9BF-0A1A34439E9E}.Debug|Any CPU.ActiveCfg = Debug|Any CPU
		{BA7E0A57-755A-42BE-B9BF-0A1A34439E9E}.Debug|Any CPU.Build.0 = Debug|Any CPU
		{BA7E0A57-755A-42BE-B9BF-0A1A34439E9E}.Release|Any CPU.ActiveCfg = Release|Any CPU
		{BA7E0A57-755A-42BE-B9BF-0A1A34439E9E}.Release|Any CPU.Build.0 = Release|Any CPU
		{15286983-4713-404D-92F9-C51346B2265D}.Debug|Any CPU.ActiveCfg = Debug|Any CPU
		{15286983-4713-404D-92F9-C51346B2265D}.Debug|Any CPU.Build.0 = Debug|Any CPU
		{15286983-4713-404D-92F9-C51346B2265D}.Release|Any CPU.ActiveCfg = Release|Any CPU
		{15286983-4713-404D-92F9-C51346B2265D}.Release|Any CPU.Build.0 = Release|Any CPU
	EndGlobalSection
	GlobalSection(SolutionProperties) = preSolution
		HideSolutionNode = FALSE
	EndGlobalSection
EndGlobal
