
Microsoft Visual Studio Solution File, Format Version 11.00
# Visual Studio 2010
Project("{FAE04EC0-301F-11D3-BF4B-00C04F79EFBC}") = "Training.Contracts", "Training.Contracts\Training.Contracts.csproj", "{B8B91CFF-7D72-4C16-857F-5BF25F7EC441}"
EndProject
Project("{FAE04EC0-301F-11D3-BF4B-00C04F79EFBC}") = "Training.ServiceContracts", "Training.ServiceContracts\Training.ServiceContracts.csproj", "{166B10D0-9598-40AE-9E30-F760905965E9}"
EndProject
Project("{FAE04EC0-301F-11D3-BF4B-00C04F79EFBC}") = "Training.ServiceImplementation", "Training.ServiceImplementation\Training.ServiceImplementation.csproj", "{42FA5312-D05D-4BB2-A383-D901CCA7B9A8}"
EndProject
Project("{2150E333-8FDC-42A3-9474-1A3956D46DE8}") = "Solution Items", "Solution Items", "{4E77329A-D194-4CA9-8470-9F2ACD3E20ED}"
	ProjectSection(SolutionItems) = preProject
		Local.testsettings = Local.testsettings
		TraceAndTestImpact.testsettings = TraceAndTestImpact.testsettings
		Training.Contracts.vsmdi = Training.Contracts.vsmdi
	EndProjectSection
EndProject
Project("{FAE04EC0-301F-11D3-BF4B-00C04F79EFBC}") = "Training.EmployeeService", "Training.EmployeeService\Training.EmployeeService.csproj", "{16DF1CF8-9D77-4ACE-9D00-10748993CAA8}"
EndProject
Global
	GlobalSection(TestCaseManagementSettings) = postSolution
		CategoryFile = Training.Contracts.vsmdi
	EndGlobalSection
	GlobalSection(SolutionConfigurationPlatforms) = preSolution
		Debug|Any CPU = Debug|Any CPU
		Release|Any CPU = Release|Any CPU
	EndGlobalSection
	GlobalSection(ProjectConfigurationPlatforms) = postSolution
		{B8B91CFF-7D72-4C16-857F-5BF25F7EC441}.Debug|Any CPU.ActiveCfg = Debug|Any CPU
		{B8B91CFF-7D72-4C16-857F-5BF25F7EC441}.Debug|Any CPU.Build.0 = Debug|Any CPU
		{B8B91CFF-7D72-4C16-857F-5BF25F7EC441}.Release|Any CPU.ActiveCfg = Release|Any CPU
		{B8B91CFF-7D72-4C16-857F-5BF25F7EC441}.Release|Any CPU.Build.0 = Release|Any CPU
		{166B10D0-9598-40AE-9E30-F760905965E9}.Debug|Any CPU.ActiveCfg = Debug|Any CPU
		{166B10D0-9598-40AE-9E30-F760905965E9}.Debug|Any CPU.Build.0 = Debug|Any CPU
		{166B10D0-9598-40AE-9E30-F760905965E9}.Release|Any CPU.ActiveCfg = Release|Any CPU
		{166B10D0-9598-40AE-9E30-F760905965E9}.Release|Any CPU.Build.0 = Release|Any CPU
		{42FA5312-D05D-4BB2-A383-D901CCA7B9A8}.Debug|Any CPU.ActiveCfg = Debug|Any CPU
		{42FA5312-D05D-4BB2-A383-D901CCA7B9A8}.Debug|Any CPU.Build.0 = Debug|Any CPU
		{42FA5312-D05D-4BB2-A383-D901CCA7B9A8}.Release|Any CPU.ActiveCfg = Release|Any CPU
		{42FA5312-D05D-4BB2-A383-D901CCA7B9A8}.Release|Any CPU.Build.0 = Release|Any CPU
		{16DF1CF8-9D77-4ACE-9D00-10748993CAA8}.Debug|Any CPU.ActiveCfg = Debug|Any CPU
		{16DF1CF8-9D77-4ACE-9D00-10748993CAA8}.Debug|Any CPU.Build.0 = Debug|Any CPU
		{16DF1CF8-9D77-4ACE-9D00-10748993CAA8}.Release|Any CPU.ActiveCfg = Release|Any CPU
		{16DF1CF8-9D77-4ACE-9D00-10748993CAA8}.Release|Any CPU.Build.0 = Release|Any CPU
	EndGlobalSection
	GlobalSection(SolutionProperties) = preSolution
		HideSolutionNode = FALSE
	EndGlobalSection
EndGlobal
